// !$*UTF8*$!
{
	archiveVersion = 1;
	classes = {
	};
	objectVersion = 51;
	objects = {

/* Begin PBXBuildFile section */
		4B36F53E3F71762749E6A10E /* Pods_FLog.framework in Frameworks */ = {isa = PBXBuildFile; fileRef = ED536A7DD1B586CE1A25C625 /* Pods_FLog.framework */; };
		6EED60D43CBF06421E21C2F5 /* Pods_FLogTests.framework in Frameworks */ = {isa = PBXBuildFile; fileRef = F0D5D09D9D4E2CA1C0E4205B /* Pods_FLogTests.framework */; };
		7080563E6CC8069DFC97BC63 /* Pods_FLogUITests.framework in Frameworks */ = {isa = PBXBuildFile; fileRef = EC2F568E60A608139548C1AD /* Pods_FLogUITests.framework */; };
		FA09FA242419C156006BE8A2 /* FLog.xcdatamodeld in Sources */ = {isa = PBXBuildFile; fileRef = FA09FA222419C156006BE8A2 /* FLog.xcdatamodeld */; };
		FA09FA2E2419DF8A006BE8A2 /* TabBarWireframe.swift in Sources */ = {isa = PBXBuildFile; fileRef = FA09FA2D2419DF8A006BE8A2 /* TabBarWireframe.swift */; };
		FA09FA302419DFB0006BE8A2 /* TabBarController.storyboard in Resources */ = {isa = PBXBuildFile; fileRef = FA09FA2F2419DFB0006BE8A2 /* TabBarController.storyboard */; };
		FA09FA322419EE8A006BE8A2 /* TimelineProtocol.swift in Sources */ = {isa = PBXBuildFile; fileRef = FA09FA312419EE8A006BE8A2 /* TimelineProtocol.swift */; };
		FA09FA342419EE98006BE8A2 /* TimelinePresenter.swift in Sources */ = {isa = PBXBuildFile; fileRef = FA09FA332419EE98006BE8A2 /* TimelinePresenter.swift */; };
		FA09FA362419EEAA006BE8A2 /* TimelineInteractor.swift in Sources */ = {isa = PBXBuildFile; fileRef = FA09FA352419EEAA006BE8A2 /* TimelineInteractor.swift */; };
		FA09FA3E2419EEBA006BE8A2 /* TimelineViewCell.swift in Sources */ = {isa = PBXBuildFile; fileRef = FA09FA3A2419EEBA006BE8A2 /* TimelineViewCell.swift */; };
		FA09FA3F2419EEBA006BE8A2 /* TimelineView.swift in Sources */ = {isa = PBXBuildFile; fileRef = FA09FA3B2419EEBA006BE8A2 /* TimelineView.swift */; };
		FA09FA402419EEBA006BE8A2 /* TimelineView+UITableViewDelegate.swift in Sources */ = {isa = PBXBuildFile; fileRef = FA09FA3C2419EEBA006BE8A2 /* TimelineView+UITableViewDelegate.swift */; };
		FA09FA422419EEC3006BE8A2 /* TimelineRouter.swift in Sources */ = {isa = PBXBuildFile; fileRef = FA09FA412419EEC3006BE8A2 /* TimelineRouter.swift */; };
		FA09FA43241A0256006BE8A2 /* TimelineView.storyboard in Resources */ = {isa = PBXBuildFile; fileRef = FA09FA392419EEBA006BE8A2 /* TimelineView.storyboard */; };
		FA09FA45241A3729006BE8A2 /* TimelineModel.swift in Sources */ = {isa = PBXBuildFile; fileRef = FA09FA44241A3729006BE8A2 /* TimelineModel.swift */; };
		FA33E88C2404DCBA000C99DC /* Common.swift in Sources */ = {isa = PBXBuildFile; fileRef = FA33E88B2404DCBA000C99DC /* Common.swift */; };
		FA356E3B242221B700771D5A /* ViperProtocol.swift in Sources */ = {isa = PBXBuildFile; fileRef = FA356E3A242221B700771D5A /* ViperProtocol.swift */; };
		FA356E402422422800771D5A /* FLogEntity.swift in Sources */ = {isa = PBXBuildFile; fileRef = FA356E3F2422422800771D5A /* FLogEntity.swift */; };
		FA356E432422542B00771D5A /* TimelineEntity.swift in Sources */ = {isa = PBXBuildFile; fileRef = FA356E422422542B00771D5A /* TimelineEntity.swift */; };
		FA4A6AA923FA9079000E54C4 /* RoutineDetailTableViewCell.swift in Sources */ = {isa = PBXBuildFile; fileRef = FA4A6AA823FA9078000E54C4 /* RoutineDetailTableViewCell.swift */; };
		FA5E2E5A2422DA7600790E9A /* RoutineDetailEntity.swift in Sources */ = {isa = PBXBuildFile; fileRef = FA5E2E592422DA7600790E9A /* RoutineDetailEntity.swift */; };
		FA60DB70241A69C400298427 /* Timeline+CoreDataClass.swift in Sources */ = {isa = PBXBuildFile; fileRef = FA60DB6F241A69C300298427 /* Timeline+CoreDataClass.swift */; };
		FA60DB71241A69C400298427 /* Timeline+CoreDataProperties.swift in Sources */ = {isa = PBXBuildFile; fileRef = FA60DB6E241A69C300298427 /* Timeline+CoreDataProperties.swift */; };
		FA90ABD1241B2F92007F7249 /* FLogInteractorTests.swift in Sources */ = {isa = PBXBuildFile; fileRef = FA90ABD0241B2F92007F7249 /* FLogInteractorTests.swift */; };
		FA90ABDF241B2F9B007F7249 /* FLogUITests.swift in Sources */ = {isa = PBXBuildFile; fileRef = FA90ABDE241B2F9B007F7249 /* FLogUITests.swift */; };
		FA90ABE9241B77A5007F7249 /* NewRoutineInteractorTests.swift in Sources */ = {isa = PBXBuildFile; fileRef = FA90ABE6241B77A4007F7249 /* NewRoutineInteractorTests.swift */; };
		FA90ABEA241B77A5007F7249 /* RoutineDetailInteractorTests.swift in Sources */ = {isa = PBXBuildFile; fileRef = FA90ABE7241B77A4007F7249 /* RoutineDetailInteractorTests.swift */; };
		FA90ABEB241B77A5007F7249 /* TimelineInteractorTests.swift in Sources */ = {isa = PBXBuildFile; fileRef = FA90ABE8241B77A5007F7249 /* TimelineInteractorTests.swift */; };
		FAA12C0524179BD500736315 /* FLogProtocol.swift in Sources */ = {isa = PBXBuildFile; fileRef = FAA12C0424179BD500736315 /* FLogProtocol.swift */; };
		FAA12C0724179BE100736315 /* FLogPresenter.swift in Sources */ = {isa = PBXBuildFile; fileRef = FAA12C0624179BE100736315 /* FLogPresenter.swift */; };
		FAA12C0924179BF700736315 /* FLogRouter.swift in Sources */ = {isa = PBXBuildFile; fileRef = FAA12C0824179BF700736315 /* FLogRouter.swift */; };
		FAA12C0C2417A46E00736315 /* FLogInteractor.swift in Sources */ = {isa = PBXBuildFile; fileRef = FAA12C0B2417A46E00736315 /* FLogInteractor.swift */; };
		FAA12C0F2417A56400736315 /* MainRoutineModel.swift in Sources */ = {isa = PBXBuildFile; fileRef = FAA12C0E2417A56400736315 /* MainRoutineModel.swift */; };
		FAA12C132417A67300736315 /* RoutineBestModel.swift in Sources */ = {isa = PBXBuildFile; fileRef = FAA12C122417A67300736315 /* RoutineBestModel.swift */; };
		FAA12C152417C0E400736315 /* FLogView+UITableViewDelegate.swift in Sources */ = {isa = PBXBuildFile; fileRef = FAA12C142417C0E400736315 /* FLogView+UITableViewDelegate.swift */; };
		FAA12C1D2417C47E00736315 /* NewRoutineProtocol.swift in Sources */ = {isa = PBXBuildFile; fileRef = FAA12C1C2417C47E00736315 /* NewRoutineProtocol.swift */; };
		FAA12C1F2417C48600736315 /* NewRoutinePresenter.swift in Sources */ = {isa = PBXBuildFile; fileRef = FAA12C1E2417C48600736315 /* NewRoutinePresenter.swift */; };
		FAA12C212417C49200736315 /* NewRoutineRouter.swift in Sources */ = {isa = PBXBuildFile; fileRef = FAA12C202417C49200736315 /* NewRoutineRouter.swift */; };
		FAA12C242417C51600736315 /* NewRoutineInteractor.swift in Sources */ = {isa = PBXBuildFile; fileRef = FAA12C232417C51600736315 /* NewRoutineInteractor.swift */; };
		FAA12C2D2417D16C00736315 /* RoutineDetailProtocol.swift in Sources */ = {isa = PBXBuildFile; fileRef = FAA12C2C2417D16C00736315 /* RoutineDetailProtocol.swift */; };
		FAA12C2F2417D17B00736315 /* RoutineDetailPresenter.swift in Sources */ = {isa = PBXBuildFile; fileRef = FAA12C2E2417D17B00736315 /* RoutineDetailPresenter.swift */; };
		FAA12C312417D18400736315 /* RoutineDetailInteractor.swift in Sources */ = {isa = PBXBuildFile; fileRef = FAA12C302417D18300736315 /* RoutineDetailInteractor.swift */; };
		FAA12C332417D19400736315 /* RoutineDetailRouter.swift in Sources */ = {isa = PBXBuildFile; fileRef = FAA12C322417D19400736315 /* RoutineDetailRouter.swift */; };
		FABD9641241899C2007C868D /* RoutineDetailView+UITableViewDelegate.swift in Sources */ = {isa = PBXBuildFile; fileRef = FABD9640241899C2007C868D /* RoutineDetailView+UITableViewDelegate.swift */; };
		FABD96442418A122007C868D /* SetModel.swift in Sources */ = {isa = PBXBuildFile; fileRef = FABD96432418A122007C868D /* SetModel.swift */; };
		FABD96462418A167007C868D /* ExerciseLogModel.swift in Sources */ = {isa = PBXBuildFile; fileRef = FABD96452418A167007C868D /* ExerciseLogModel.swift */; };
		FABD96482418A2BA007C868D /* DailyLogModel.swift in Sources */ = {isa = PBXBuildFile; fileRef = FABD96472418A2BA007C868D /* DailyLogModel.swift */; };
		FAC5BC3123FA57320069B016 /* RoutineDetailView.storyboard in Resources */ = {isa = PBXBuildFile; fileRef = FAC5BC3023FA57320069B016 /* RoutineDetailView.storyboard */; };
		FAC5BC3323FA57410069B016 /* RoutineDetailView.swift in Sources */ = {isa = PBXBuildFile; fileRef = FAC5BC3223FA57410069B016 /* RoutineDetailView.swift */; };
		FAF661A523F6554B0003B589 /* AppDelegate.swift in Sources */ = {isa = PBXBuildFile; fileRef = FAF661A423F6554B0003B589 /* AppDelegate.swift */; };
		FAF661A923F6554B0003B589 /* FLogView.swift in Sources */ = {isa = PBXBuildFile; fileRef = FAF661A823F6554B0003B589 /* FLogView.swift */; };
		FAF661AC23F6554B0003B589 /* FLogView.storyboard in Resources */ = {isa = PBXBuildFile; fileRef = FAF661AA23F6554B0003B589 /* FLogView.storyboard */; };
		FAF661AE23F6554F0003B589 /* Assets.xcassets in Resources */ = {isa = PBXBuildFile; fileRef = FAF661AD23F6554F0003B589 /* Assets.xcassets */; };
		FAF661B123F6554F0003B589 /* LaunchScreen.storyboard in Resources */ = {isa = PBXBuildFile; fileRef = FAF661AF23F6554F0003B589 /* LaunchScreen.storyboard */; };
		FAF661B923F674540003B589 /* FLogViewCell.swift in Sources */ = {isa = PBXBuildFile; fileRef = FAF661B823F674540003B589 /* FLogViewCell.swift */; };
		FAF661BB23F6869A0003B589 /* NewRoutineView.swift in Sources */ = {isa = PBXBuildFile; fileRef = FAF661BA23F6869A0003B589 /* NewRoutineView.swift */; };
		FAF661BD23F686C20003B589 /* NewRoutineView.storyboard in Resources */ = {isa = PBXBuildFile; fileRef = FAF661BC23F686C20003B589 /* NewRoutineView.storyboard */; };
		FAF661BF23F8D3DD0003B589 /* KUIViewController.swift in Sources */ = {isa = PBXBuildFile; fileRef = FAF661BE23F8D3DD0003B589 /* KUIViewController.swift */; };
/* End PBXBuildFile section */

/* Begin PBXContainerItemProxy section */
		FA90ABD3241B2F92007F7249 /* PBXContainerItemProxy */ = {
			isa = PBXContainerItemProxy;
			containerPortal = FAF6619923F6554B0003B589 /* Project object */;
			proxyType = 1;
			remoteGlobalIDString = FAF661A023F6554B0003B589;
			remoteInfo = FLog;
		};
		FA90ABE1241B2F9B007F7249 /* PBXContainerItemProxy */ = {
			isa = PBXContainerItemProxy;
			containerPortal = FAF6619923F6554B0003B589 /* Project object */;
			proxyType = 1;
			remoteGlobalIDString = FAF661A023F6554B0003B589;
			remoteInfo = FLog;
		};
/* End PBXContainerItemProxy section */

/* Begin PBXFileReference section */
		32A6CF0A84C575F8709E76F6 /* Pods-FLog.debug.xcconfig */ = {isa = PBXFileReference; includeInIndex = 1; lastKnownFileType = text.xcconfig; name = "Pods-FLog.debug.xcconfig"; path = "Target Support Files/Pods-FLog/Pods-FLog.debug.xcconfig"; sourceTree = "<group>"; };
		44027257AE013D4AC3187EA5 /* Pods-FLogTests.debug.xcconfig */ = {isa = PBXFileReference; includeInIndex = 1; lastKnownFileType = text.xcconfig; name = "Pods-FLogTests.debug.xcconfig"; path = "Target Support Files/Pods-FLogTests/Pods-FLogTests.debug.xcconfig"; sourceTree = "<group>"; };
		494C7D577AEC416D6DDAC898 /* Pods-FLog.release.xcconfig */ = {isa = PBXFileReference; includeInIndex = 1; lastKnownFileType = text.xcconfig; name = "Pods-FLog.release.xcconfig"; path = "Target Support Files/Pods-FLog/Pods-FLog.release.xcconfig"; sourceTree = "<group>"; };
		9FF52F23235DCD15C1EF7DEA /* Pods-FLogUITests.debug.xcconfig */ = {isa = PBXFileReference; includeInIndex = 1; lastKnownFileType = text.xcconfig; name = "Pods-FLogUITests.debug.xcconfig"; path = "Target Support Files/Pods-FLogUITests/Pods-FLogUITests.debug.xcconfig"; sourceTree = "<group>"; };
		AD9D44B9D02F66CE71CE6BA9 /* Pods-FLogUITests.release.xcconfig */ = {isa = PBXFileReference; includeInIndex = 1; lastKnownFileType = text.xcconfig; name = "Pods-FLogUITests.release.xcconfig"; path = "Target Support Files/Pods-FLogUITests/Pods-FLogUITests.release.xcconfig"; sourceTree = "<group>"; };
		B97F1FFC4FC8A4D900549CB7 /* Pods-FLogTests.release.xcconfig */ = {isa = PBXFileReference; includeInIndex = 1; lastKnownFileType = text.xcconfig; name = "Pods-FLogTests.release.xcconfig"; path = "Target Support Files/Pods-FLogTests/Pods-FLogTests.release.xcconfig"; sourceTree = "<group>"; };
		EC2F568E60A608139548C1AD /* Pods_FLogUITests.framework */ = {isa = PBXFileReference; explicitFileType = wrapper.framework; includeInIndex = 0; path = Pods_FLogUITests.framework; sourceTree = BUILT_PRODUCTS_DIR; };
		ED536A7DD1B586CE1A25C625 /* Pods_FLog.framework */ = {isa = PBXFileReference; explicitFileType = wrapper.framework; includeInIndex = 0; path = Pods_FLog.framework; sourceTree = BUILT_PRODUCTS_DIR; };
		F0D5D09D9D4E2CA1C0E4205B /* Pods_FLogTests.framework */ = {isa = PBXFileReference; explicitFileType = wrapper.framework; includeInIndex = 0; path = Pods_FLogTests.framework; sourceTree = BUILT_PRODUCTS_DIR; };
		FA09FA232419C156006BE8A2 /* Timeline.xcdatamodel */ = {isa = PBXFileReference; lastKnownFileType = wrapper.xcdatamodel; path = Timeline.xcdatamodel; sourceTree = "<group>"; };
		FA09FA2D2419DF8A006BE8A2 /* TabBarWireframe.swift */ = {isa = PBXFileReference; lastKnownFileType = sourcecode.swift; path = TabBarWireframe.swift; sourceTree = "<group>"; };
		FA09FA2F2419DFB0006BE8A2 /* TabBarController.storyboard */ = {isa = PBXFileReference; fileEncoding = 4; lastKnownFileType = file.storyboard; path = TabBarController.storyboard; sourceTree = "<group>"; };
		FA09FA312419EE8A006BE8A2 /* TimelineProtocol.swift */ = {isa = PBXFileReference; fileEncoding = 4; lastKnownFileType = sourcecode.swift; path = TimelineProtocol.swift; sourceTree = "<group>"; };
		FA09FA332419EE98006BE8A2 /* TimelinePresenter.swift */ = {isa = PBXFileReference; fileEncoding = 4; lastKnownFileType = sourcecode.swift; path = TimelinePresenter.swift; sourceTree = "<group>"; };
		FA09FA352419EEAA006BE8A2 /* TimelineInteractor.swift */ = {isa = PBXFileReference; fileEncoding = 4; lastKnownFileType = sourcecode.swift; path = TimelineInteractor.swift; sourceTree = "<group>"; };
		FA09FA392419EEBA006BE8A2 /* TimelineView.storyboard */ = {isa = PBXFileReference; lastKnownFileType = file.storyboard; path = TimelineView.storyboard; sourceTree = "<group>"; };
		FA09FA3A2419EEBA006BE8A2 /* TimelineViewCell.swift */ = {isa = PBXFileReference; fileEncoding = 4; lastKnownFileType = sourcecode.swift; path = TimelineViewCell.swift; sourceTree = "<group>"; };
		FA09FA3B2419EEBA006BE8A2 /* TimelineView.swift */ = {isa = PBXFileReference; fileEncoding = 4; lastKnownFileType = sourcecode.swift; path = TimelineView.swift; sourceTree = "<group>"; };
		FA09FA3C2419EEBA006BE8A2 /* TimelineView+UITableViewDelegate.swift */ = {isa = PBXFileReference; fileEncoding = 4; lastKnownFileType = sourcecode.swift; path = "TimelineView+UITableViewDelegate.swift"; sourceTree = "<group>"; };
		FA09FA412419EEC3006BE8A2 /* TimelineRouter.swift */ = {isa = PBXFileReference; fileEncoding = 4; lastKnownFileType = sourcecode.swift; path = TimelineRouter.swift; sourceTree = "<group>"; };
		FA09FA44241A3729006BE8A2 /* TimelineModel.swift */ = {isa = PBXFileReference; lastKnownFileType = sourcecode.swift; path = TimelineModel.swift; sourceTree = "<group>"; };
		FA33E88B2404DCBA000C99DC /* Common.swift */ = {isa = PBXFileReference; lastKnownFileType = sourcecode.swift; path = Common.swift; sourceTree = "<group>"; };
		FA356E3A242221B700771D5A /* ViperProtocol.swift */ = {isa = PBXFileReference; lastKnownFileType = sourcecode.swift; path = ViperProtocol.swift; sourceTree = "<group>"; };
		FA356E3F2422422800771D5A /* FLogEntity.swift */ = {isa = PBXFileReference; lastKnownFileType = sourcecode.swift; path = FLogEntity.swift; sourceTree = "<group>"; };
		FA356E422422542B00771D5A /* TimelineEntity.swift */ = {isa = PBXFileReference; lastKnownFileType = sourcecode.swift; path = TimelineEntity.swift; sourceTree = "<group>"; };
		FA4A6AA823FA9078000E54C4 /* RoutineDetailTableViewCell.swift */ = {isa = PBXFileReference; fileEncoding = 4; lastKnownFileType = sourcecode.swift; path = RoutineDetailTableViewCell.swift; sourceTree = "<group>"; };
		FA5E2E592422DA7600790E9A /* RoutineDetailEntity.swift */ = {isa = PBXFileReference; lastKnownFileType = sourcecode.swift; path = RoutineDetailEntity.swift; sourceTree = "<group>"; };
		FA60DB6E241A69C300298427 /* Timeline+CoreDataProperties.swift */ = {isa = PBXFileReference; lastKnownFileType = sourcecode.swift; name = "Timeline+CoreDataProperties.swift"; path = "/Users/yejunpark/Workspace/FLog/FLog/Entity/Timeline+CoreDataProperties.swift"; sourceTree = "<absolute>"; };
		FA60DB6F241A69C300298427 /* Timeline+CoreDataClass.swift */ = {isa = PBXFileReference; lastKnownFileType = sourcecode.swift; name = "Timeline+CoreDataClass.swift"; path = "/Users/yejunpark/Workspace/FLog/FLog/Entity/Timeline+CoreDataClass.swift"; sourceTree = "<absolute>"; };
		FA90ABCE241B2F92007F7249 /* FLogTests.xctest */ = {isa = PBXFileReference; explicitFileType = wrapper.cfbundle; includeInIndex = 0; path = FLogTests.xctest; sourceTree = BUILT_PRODUCTS_DIR; };
		FA90ABD0241B2F92007F7249 /* FLogInteractorTests.swift */ = {isa = PBXFileReference; lastKnownFileType = sourcecode.swift; path = FLogInteractorTests.swift; sourceTree = "<group>"; };
		FA90ABD2241B2F92007F7249 /* Info.plist */ = {isa = PBXFileReference; lastKnownFileType = text.plist.xml; path = Info.plist; sourceTree = "<group>"; };
		FA90ABDC241B2F9B007F7249 /* FLogUITests.xctest */ = {isa = PBXFileReference; explicitFileType = wrapper.cfbundle; includeInIndex = 0; path = FLogUITests.xctest; sourceTree = BUILT_PRODUCTS_DIR; };
		FA90ABDE241B2F9B007F7249 /* FLogUITests.swift */ = {isa = PBXFileReference; lastKnownFileType = sourcecode.swift; path = FLogUITests.swift; sourceTree = "<group>"; };
		FA90ABE0241B2F9B007F7249 /* Info.plist */ = {isa = PBXFileReference; lastKnownFileType = text.plist.xml; path = Info.plist; sourceTree = "<group>"; };
		FA90ABE6241B77A4007F7249 /* NewRoutineInteractorTests.swift */ = {isa = PBXFileReference; fileEncoding = 4; lastKnownFileType = sourcecode.swift; path = NewRoutineInteractorTests.swift; sourceTree = "<group>"; };
		FA90ABE7241B77A4007F7249 /* RoutineDetailInteractorTests.swift */ = {isa = PBXFileReference; fileEncoding = 4; lastKnownFileType = sourcecode.swift; path = RoutineDetailInteractorTests.swift; sourceTree = "<group>"; };
		FA90ABE8241B77A5007F7249 /* TimelineInteractorTests.swift */ = {isa = PBXFileReference; fileEncoding = 4; lastKnownFileType = sourcecode.swift; path = TimelineInteractorTests.swift; sourceTree = "<group>"; };
		FAA12C0424179BD500736315 /* FLogProtocol.swift */ = {isa = PBXFileReference; lastKnownFileType = sourcecode.swift; path = FLogProtocol.swift; sourceTree = "<group>"; };
		FAA12C0624179BE100736315 /* FLogPresenter.swift */ = {isa = PBXFileReference; lastKnownFileType = sourcecode.swift; path = FLogPresenter.swift; sourceTree = "<group>"; };
		FAA12C0824179BF700736315 /* FLogRouter.swift */ = {isa = PBXFileReference; lastKnownFileType = sourcecode.swift; path = FLogRouter.swift; sourceTree = "<group>"; };
		FAA12C0B2417A46E00736315 /* FLogInteractor.swift */ = {isa = PBXFileReference; lastKnownFileType = sourcecode.swift; path = FLogInteractor.swift; sourceTree = "<group>"; };
		FAA12C0E2417A56400736315 /* MainRoutineModel.swift */ = {isa = PBXFileReference; lastKnownFileType = sourcecode.swift; path = MainRoutineModel.swift; sourceTree = "<group>"; };
		FAA12C122417A67300736315 /* RoutineBestModel.swift */ = {isa = PBXFileReference; lastKnownFileType = sourcecode.swift; path = RoutineBestModel.swift; sourceTree = "<group>"; };
		FAA12C142417C0E400736315 /* FLogView+UITableViewDelegate.swift */ = {isa = PBXFileReference; lastKnownFileType = sourcecode.swift; path = "FLogView+UITableViewDelegate.swift"; sourceTree = "<group>"; };
		FAA12C1C2417C47E00736315 /* NewRoutineProtocol.swift */ = {isa = PBXFileReference; lastKnownFileType = sourcecode.swift; path = NewRoutineProtocol.swift; sourceTree = "<group>"; };
		FAA12C1E2417C48600736315 /* NewRoutinePresenter.swift */ = {isa = PBXFileReference; lastKnownFileType = sourcecode.swift; path = NewRoutinePresenter.swift; sourceTree = "<group>"; };
		FAA12C202417C49200736315 /* NewRoutineRouter.swift */ = {isa = PBXFileReference; lastKnownFileType = sourcecode.swift; path = NewRoutineRouter.swift; sourceTree = "<group>"; };
		FAA12C232417C51600736315 /* NewRoutineInteractor.swift */ = {isa = PBXFileReference; lastKnownFileType = sourcecode.swift; path = NewRoutineInteractor.swift; sourceTree = "<group>"; };
		FAA12C2C2417D16C00736315 /* RoutineDetailProtocol.swift */ = {isa = PBXFileReference; lastKnownFileType = sourcecode.swift; path = RoutineDetailProtocol.swift; sourceTree = "<group>"; };
		FAA12C2E2417D17B00736315 /* RoutineDetailPresenter.swift */ = {isa = PBXFileReference; lastKnownFileType = sourcecode.swift; path = RoutineDetailPresenter.swift; sourceTree = "<group>"; };
		FAA12C302417D18300736315 /* RoutineDetailInteractor.swift */ = {isa = PBXFileReference; lastKnownFileType = sourcecode.swift; path = RoutineDetailInteractor.swift; sourceTree = "<group>"; };
		FAA12C322417D19400736315 /* RoutineDetailRouter.swift */ = {isa = PBXFileReference; lastKnownFileType = sourcecode.swift; path = RoutineDetailRouter.swift; sourceTree = "<group>"; };
		FABD9640241899C2007C868D /* RoutineDetailView+UITableViewDelegate.swift */ = {isa = PBXFileReference; lastKnownFileType = sourcecode.swift; path = "RoutineDetailView+UITableViewDelegate.swift"; sourceTree = "<group>"; };
		FABD96432418A122007C868D /* SetModel.swift */ = {isa = PBXFileReference; lastKnownFileType = sourcecode.swift; path = SetModel.swift; sourceTree = "<group>"; };
		FABD96452418A167007C868D /* ExerciseLogModel.swift */ = {isa = PBXFileReference; lastKnownFileType = sourcecode.swift; path = ExerciseLogModel.swift; sourceTree = "<group>"; };
		FABD96472418A2BA007C868D /* DailyLogModel.swift */ = {isa = PBXFileReference; lastKnownFileType = sourcecode.swift; path = DailyLogModel.swift; sourceTree = "<group>"; };
		FAC5BC3023FA57320069B016 /* RoutineDetailView.storyboard */ = {isa = PBXFileReference; lastKnownFileType = file.storyboard; path = RoutineDetailView.storyboard; sourceTree = "<group>"; };
		FAC5BC3223FA57410069B016 /* RoutineDetailView.swift */ = {isa = PBXFileReference; lastKnownFileType = sourcecode.swift; path = RoutineDetailView.swift; sourceTree = "<group>"; };
		FAF661A123F6554B0003B589 /* FLog.app */ = {isa = PBXFileReference; explicitFileType = wrapper.application; includeInIndex = 0; path = FLog.app; sourceTree = BUILT_PRODUCTS_DIR; };
		FAF661A423F6554B0003B589 /* AppDelegate.swift */ = {isa = PBXFileReference; lastKnownFileType = sourcecode.swift; path = AppDelegate.swift; sourceTree = "<group>"; };
		FAF661A823F6554B0003B589 /* FLogView.swift */ = {isa = PBXFileReference; lastKnownFileType = sourcecode.swift; path = FLogView.swift; sourceTree = "<group>"; };
		FAF661AB23F6554B0003B589 /* Base */ = {isa = PBXFileReference; lastKnownFileType = file.storyboard; name = Base; path = Base.lproj/FLogView.storyboard; sourceTree = "<group>"; };
		FAF661AD23F6554F0003B589 /* Assets.xcassets */ = {isa = PBXFileReference; lastKnownFileType = folder.assetcatalog; path = Assets.xcassets; sourceTree = "<group>"; };
		FAF661B023F6554F0003B589 /* Base */ = {isa = PBXFileReference; lastKnownFileType = file.storyboard; name = Base; path = Base.lproj/LaunchScreen.storyboard; sourceTree = "<group>"; };
		FAF661B223F6554F0003B589 /* Info.plist */ = {isa = PBXFileReference; lastKnownFileType = text.plist.xml; path = Info.plist; sourceTree = "<group>"; };
		FAF661B823F674540003B589 /* FLogViewCell.swift */ = {isa = PBXFileReference; lastKnownFileType = sourcecode.swift; path = FLogViewCell.swift; sourceTree = "<group>"; };
		FAF661BA23F6869A0003B589 /* NewRoutineView.swift */ = {isa = PBXFileReference; lastKnownFileType = sourcecode.swift; path = NewRoutineView.swift; sourceTree = "<group>"; };
		FAF661BC23F686C20003B589 /* NewRoutineView.storyboard */ = {isa = PBXFileReference; lastKnownFileType = file.storyboard; path = NewRoutineView.storyboard; sourceTree = "<group>"; };
		FAF661BE23F8D3DD0003B589 /* KUIViewController.swift */ = {isa = PBXFileReference; lastKnownFileType = sourcecode.swift; path = KUIViewController.swift; sourceTree = "<group>"; };
/* End PBXFileReference section */

/* Begin PBXFrameworksBuildPhase section */
		FA90ABCB241B2F92007F7249 /* Frameworks */ = {
			isa = PBXFrameworksBuildPhase;
			buildActionMask = 2147483647;
			files = (
				6EED60D43CBF06421E21C2F5 /* Pods_FLogTests.framework in Frameworks */,
			);
			runOnlyForDeploymentPostprocessing = 0;
		};
		FA90ABD9241B2F9B007F7249 /* Frameworks */ = {
			isa = PBXFrameworksBuildPhase;
			buildActionMask = 2147483647;
			files = (
				7080563E6CC8069DFC97BC63 /* Pods_FLogUITests.framework in Frameworks */,
			);
			runOnlyForDeploymentPostprocessing = 0;
		};
		FAF6619E23F6554B0003B589 /* Frameworks */ = {
			isa = PBXFrameworksBuildPhase;
			buildActionMask = 2147483647;
			files = (
				4B36F53E3F71762749E6A10E /* Pods_FLog.framework in Frameworks */,
			);
			runOnlyForDeploymentPostprocessing = 0;
		};
/* End PBXFrameworksBuildPhase section */

/* Begin PBXGroup section */
		453753E50A50E45AEA80C799 /* Frameworks */ = {
			isa = PBXGroup;
			children = (
				ED536A7DD1B586CE1A25C625 /* Pods_FLog.framework */,
				F0D5D09D9D4E2CA1C0E4205B /* Pods_FLogTests.framework */,
				EC2F568E60A608139548C1AD /* Pods_FLogUITests.framework */,
			);
			name = Frameworks;
			sourceTree = "<group>";
		};
		C59F60DCF3EE7899EBA53697 /* Pods */ = {
			isa = PBXGroup;
			children = (
				32A6CF0A84C575F8709E76F6 /* Pods-FLog.debug.xcconfig */,
				494C7D577AEC416D6DDAC898 /* Pods-FLog.release.xcconfig */,
				44027257AE013D4AC3187EA5 /* Pods-FLogTests.debug.xcconfig */,
				B97F1FFC4FC8A4D900549CB7 /* Pods-FLogTests.release.xcconfig */,
				9FF52F23235DCD15C1EF7DEA /* Pods-FLogUITests.debug.xcconfig */,
				AD9D44B9D02F66CE71CE6BA9 /* Pods-FLogUITests.release.xcconfig */,
			);
			path = Pods;
			sourceTree = "<group>";
		};
		FA09FA272419DCE0006BE8A2 /* Timeline */ = {
			isa = PBXGroup;
			children = (
				FA09FA2C2419DD17006BE8A2 /* Protocol */,
				FA09FA292419DD03006BE8A2 /* View */,
				FA09FA2A2419DD0D006BE8A2 /* Interactor */,
				FA09FA2B2419DD12006BE8A2 /* Presenter */,
				FA356E412422541800771D5A /* Entity */,
				FA09FA282419DCFA006BE8A2 /* Router */,
			);
			path = Timeline;
			sourceTree = "<group>";
		};
		FA09FA282419DCFA006BE8A2 /* Router */ = {
			isa = PBXGroup;
			children = (
				FA09FA412419EEC3006BE8A2 /* TimelineRouter.swift */,
			);
			path = Router;
			sourceTree = "<group>";
		};
		FA09FA292419DD03006BE8A2 /* View */ = {
			isa = PBXGroup;
			children = (
				FA09FA3B2419EEBA006BE8A2 /* TimelineView.swift */,
				FA09FA3C2419EEBA006BE8A2 /* TimelineView+UITableViewDelegate.swift */,
				FA09FA3A2419EEBA006BE8A2 /* TimelineViewCell.swift */,
				FA09FA392419EEBA006BE8A2 /* TimelineView.storyboard */,
			);
			path = View;
			sourceTree = "<group>";
		};
		FA09FA2A2419DD0D006BE8A2 /* Interactor */ = {
			isa = PBXGroup;
			children = (
				FA09FA352419EEAA006BE8A2 /* TimelineInteractor.swift */,
			);
			path = Interactor;
			sourceTree = "<group>";
		};
		FA09FA2B2419DD12006BE8A2 /* Presenter */ = {
			isa = PBXGroup;
			children = (
				FA09FA332419EE98006BE8A2 /* TimelinePresenter.swift */,
			);
			path = Presenter;
			sourceTree = "<group>";
		};
		FA09FA2C2419DD17006BE8A2 /* Protocol */ = {
			isa = PBXGroup;
			children = (
				FA09FA312419EE8A006BE8A2 /* TimelineProtocol.swift */,
			);
			path = Protocol;
			sourceTree = "<group>";
		};
		FA33E8892404D45D000C99DC /* Supporting Files */ = {
			isa = PBXGroup;
			children = (
				FAF661AF23F6554F0003B589 /* LaunchScreen.storyboard */,
				FAF661AD23F6554F0003B589 /* Assets.xcassets */,
			);
			path = "Supporting Files";
			sourceTree = "<group>";
		};
		FA33E88D2404DCC6000C99DC /* Common */ = {
			isa = PBXGroup;
			children = (
				FAA12C0D2417A4B900736315 /* Entity */,
				FAF661BE23F8D3DD0003B589 /* KUIViewController.swift */,
				FA33E88B2404DCBA000C99DC /* Common.swift */,
				FA356E3A242221B700771D5A /* ViperProtocol.swift */,
			);
			path = Common;
			sourceTree = "<group>";
		};
		FA356E3E2422404B00771D5A /* Entity */ = {
			isa = PBXGroup;
			children = (
				FA356E3F2422422800771D5A /* FLogEntity.swift */,
			);
			path = Entity;
			sourceTree = "<group>";
		};
		FA356E412422541800771D5A /* Entity */ = {
			isa = PBXGroup;
			children = (
				FA356E422422542B00771D5A /* TimelineEntity.swift */,
			);
			path = Entity;
			sourceTree = "<group>";
		};
		FA90ABCF241B2F92007F7249 /* FLogTests */ = {
			isa = PBXGroup;
			children = (
				FA90ABE7241B77A4007F7249 /* RoutineDetailInteractorTests.swift */,
				FA90ABE6241B77A4007F7249 /* NewRoutineInteractorTests.swift */,
				FA90ABE8241B77A5007F7249 /* TimelineInteractorTests.swift */,
				FA90ABD0241B2F92007F7249 /* FLogInteractorTests.swift */,
				FA90ABD2241B2F92007F7249 /* Info.plist */,
			);
			path = FLogTests;
			sourceTree = "<group>";
		};
		FA90ABDD241B2F9B007F7249 /* FLogUITests */ = {
			isa = PBXGroup;
			children = (
				FA90ABDE241B2F9B007F7249 /* FLogUITests.swift */,
				FA90ABE0241B2F9B007F7249 /* Info.plist */,
			);
			path = FLogUITests;
			sourceTree = "<group>";
		};
		FAA12BFF24179B4300736315 /* Flog */ = {
			isa = PBXGroup;
			children = (
				FAA12C0024179B5D00736315 /* Protocol */,
				FAA12C0224179B6E00736315 /* View */,
				FAA12C0A2417A44D00736315 /* Interactor */,
				FAA12C0324179B7200736315 /* Presenter */,
				FA356E3E2422404B00771D5A /* Entity */,
				FAA12C0124179B6200736315 /* Router */,
			);
			path = Flog;
			sourceTree = "<group>";
		};
		FAA12C0024179B5D00736315 /* Protocol */ = {
			isa = PBXGroup;
			children = (
				FAA12C0424179BD500736315 /* FLogProtocol.swift */,
			);
			path = Protocol;
			sourceTree = "<group>";
		};
		FAA12C0124179B6200736315 /* Router */ = {
			isa = PBXGroup;
			children = (
				FAA12C0824179BF700736315 /* FLogRouter.swift */,
			);
			path = Router;
			sourceTree = "<group>";
		};
		FAA12C0224179B6E00736315 /* View */ = {
			isa = PBXGroup;
			children = (
				FAF661A823F6554B0003B589 /* FLogView.swift */,
				FAA12C142417C0E400736315 /* FLogView+UITableViewDelegate.swift */,
				FAF661B823F674540003B589 /* FLogViewCell.swift */,
				FAF661AA23F6554B0003B589 /* FLogView.storyboard */,
			);
			path = View;
			sourceTree = "<group>";
		};
		FAA12C0324179B7200736315 /* Presenter */ = {
			isa = PBXGroup;
			children = (
				FAA12C0624179BE100736315 /* FLogPresenter.swift */,
			);
			path = Presenter;
			sourceTree = "<group>";
		};
		FAA12C0A2417A44D00736315 /* Interactor */ = {
			isa = PBXGroup;
			children = (
				FAA12C0B2417A46E00736315 /* FLogInteractor.swift */,
			);
			path = Interactor;
			sourceTree = "<group>";
		};
		FAA12C0D2417A4B900736315 /* Entity */ = {
			isa = PBXGroup;
			children = (
				FA60DB6F241A69C300298427 /* Timeline+CoreDataClass.swift */,
				FA60DB6E241A69C300298427 /* Timeline+CoreDataProperties.swift */,
				FAA12C0E2417A56400736315 /* MainRoutineModel.swift */,
				FABD96472418A2BA007C868D /* DailyLogModel.swift */,
				FABD96452418A167007C868D /* ExerciseLogModel.swift */,
				FABD96432418A122007C868D /* SetModel.swift */,
				FAA12C122417A67300736315 /* RoutineBestModel.swift */,
				FA09FA44241A3729006BE8A2 /* TimelineModel.swift */,
			);
			path = Entity;
			sourceTree = "<group>";
		};
		FAA12C162417C3F700736315 /* NewRoutine */ = {
			isa = PBXGroup;
			children = (
				FAA12C172417C40300736315 /* Protocol */,
				FAA12C1A2417C41700736315 /* View */,
				FAA12C222417C50600736315 /* Interactor */,
				FAA12C182417C40B00736315 /* Presenter */,
				FAA12C192417C41100736315 /* Router */,
			);
			path = NewRoutine;
			sourceTree = "<group>";
		};
		FAA12C172417C40300736315 /* Protocol */ = {
			isa = PBXGroup;
			children = (
				FAA12C1C2417C47E00736315 /* NewRoutineProtocol.swift */,
			);
			path = Protocol;
			sourceTree = "<group>";
		};
		FAA12C182417C40B00736315 /* Presenter */ = {
			isa = PBXGroup;
			children = (
				FAA12C1E2417C48600736315 /* NewRoutinePresenter.swift */,
			);
			path = Presenter;
			sourceTree = "<group>";
		};
		FAA12C192417C41100736315 /* Router */ = {
			isa = PBXGroup;
			children = (
				FAA12C202417C49200736315 /* NewRoutineRouter.swift */,
			);
			path = Router;
			sourceTree = "<group>";
		};
		FAA12C1A2417C41700736315 /* View */ = {
			isa = PBXGroup;
			children = (
				FAF661BA23F6869A0003B589 /* NewRoutineView.swift */,
				FAF661BC23F686C20003B589 /* NewRoutineView.storyboard */,
			);
			path = View;
			sourceTree = "<group>";
		};
		FAA12C222417C50600736315 /* Interactor */ = {
			isa = PBXGroup;
			children = (
				FAA12C232417C51600736315 /* NewRoutineInteractor.swift */,
			);
			path = Interactor;
			sourceTree = "<group>";
		};
		FAA12C252417D10500736315 /* RoutineDetail */ = {
			isa = PBXGroup;
			children = (
				FAA12C2A2417D12500736315 /* Protocol */,
				FAA12C272417D11300736315 /* View */,
				FAA12C282417D11C00736315 /* Interactor */,
				FAA12C292417D12100736315 /* Presenter */,
				FADA2B6E2422D6C80079E08D /* Entity */,
				FAA12C262417D10D00736315 /* Router */,
			);
			path = RoutineDetail;
			sourceTree = "<group>";
		};
		FAA12C262417D10D00736315 /* Router */ = {
			isa = PBXGroup;
			children = (
				FAA12C322417D19400736315 /* RoutineDetailRouter.swift */,
			);
			path = Router;
			sourceTree = "<group>";
		};
		FAA12C272417D11300736315 /* View */ = {
			isa = PBXGroup;
			children = (
				FAC5BC3223FA57410069B016 /* RoutineDetailView.swift */,
				FABD9640241899C2007C868D /* RoutineDetailView+UITableViewDelegate.swift */,
				FA4A6AA823FA9078000E54C4 /* RoutineDetailTableViewCell.swift */,
				FAC5BC3023FA57320069B016 /* RoutineDetailView.storyboard */,
			);
			path = View;
			sourceTree = "<group>";
		};
		FAA12C282417D11C00736315 /* Interactor */ = {
			isa = PBXGroup;
			children = (
				FAA12C302417D18300736315 /* RoutineDetailInteractor.swift */,
			);
			path = Interactor;
			sourceTree = "<group>";
		};
		FAA12C292417D12100736315 /* Presenter */ = {
			isa = PBXGroup;
			children = (
				FAA12C2E2417D17B00736315 /* RoutineDetailPresenter.swift */,
			);
			path = Presenter;
			sourceTree = "<group>";
		};
		FAA12C2A2417D12500736315 /* Protocol */ = {
			isa = PBXGroup;
			children = (
				FAA12C2C2417D16C00736315 /* RoutineDetailProtocol.swift */,
			);
			path = Protocol;
			sourceTree = "<group>";
		};
		FADA2B6E2422D6C80079E08D /* Entity */ = {
			isa = PBXGroup;
			children = (
				FA5E2E592422DA7600790E9A /* RoutineDetailEntity.swift */,
			);
			path = Entity;
			sourceTree = "<group>";
		};
		FAF6619823F6554B0003B589 = {
			isa = PBXGroup;
			children = (
				FAF661A323F6554B0003B589 /* FLog */,
				FA90ABCF241B2F92007F7249 /* FLogTests */,
				FA90ABDD241B2F9B007F7249 /* FLogUITests */,
				FAF661A223F6554B0003B589 /* Products */,
				C59F60DCF3EE7899EBA53697 /* Pods */,
				453753E50A50E45AEA80C799 /* Frameworks */,
			);
			sourceTree = "<group>";
		};
		FAF661A223F6554B0003B589 /* Products */ = {
			isa = PBXGroup;
			children = (
				FAF661A123F6554B0003B589 /* FLog.app */,
				FA90ABCE241B2F92007F7249 /* FLogTests.xctest */,
				FA90ABDC241B2F9B007F7249 /* FLogUITests.xctest */,
			);
			name = Products;
			sourceTree = "<group>";
		};
		FAF661A323F6554B0003B589 /* FLog */ = {
			isa = PBXGroup;
			children = (
				FAA12C252417D10500736315 /* RoutineDetail */,
				FAA12C162417C3F700736315 /* NewRoutine */,
				FA09FA272419DCE0006BE8A2 /* Timeline */,
				FAA12BFF24179B4300736315 /* Flog */,
				FA33E88D2404DCC6000C99DC /* Common */,
				FA33E8892404D45D000C99DC /* Supporting Files */,
				FA09FA2D2419DF8A006BE8A2 /* TabBarWireframe.swift */,
				FA09FA2F2419DFB0006BE8A2 /* TabBarController.storyboard */,
				FAF661A423F6554B0003B589 /* AppDelegate.swift */,
				FAF661B223F6554F0003B589 /* Info.plist */,
				FA09FA222419C156006BE8A2 /* FLog.xcdatamodeld */,
			);
			path = FLog;
			sourceTree = "<group>";
		};
/* End PBXGroup section */

/* Begin PBXNativeTarget section */
		FA90ABCD241B2F92007F7249 /* FLogTests */ = {
			isa = PBXNativeTarget;
			buildConfigurationList = FA90ABD7241B2F92007F7249 /* Build configuration list for PBXNativeTarget "FLogTests" */;
			buildPhases = (
				669A5829B8E7DE38D4587D1B /* [CP] Check Pods Manifest.lock */,
				FA90ABCA241B2F92007F7249 /* Sources */,
				FA90ABCB241B2F92007F7249 /* Frameworks */,
				FA90ABCC241B2F92007F7249 /* Resources */,
				C2142D3C5258F1575E1FF336 /* [CP] Embed Pods Frameworks */,
			);
			buildRules = (
			);
			dependencies = (
				FA90ABD4241B2F92007F7249 /* PBXTargetDependency */,
			);
			name = FLogTests;
			productName = FLogTests;
			productReference = FA90ABCE241B2F92007F7249 /* FLogTests.xctest */;
			productType = "com.apple.product-type.bundle.unit-test";
		};
		FA90ABDB241B2F9B007F7249 /* FLogUITests */ = {
			isa = PBXNativeTarget;
			buildConfigurationList = FA90ABE3241B2F9B007F7249 /* Build configuration list for PBXNativeTarget "FLogUITests" */;
			buildPhases = (
				6FFE7D6315CF4B330C8F4174 /* [CP] Check Pods Manifest.lock */,
				FA90ABD8241B2F9B007F7249 /* Sources */,
				FA90ABD9241B2F9B007F7249 /* Frameworks */,
				FA90ABDA241B2F9B007F7249 /* Resources */,
				001F702135AEA6AF88566278 /* [CP] Embed Pods Frameworks */,
			);
			buildRules = (
			);
			dependencies = (
				FA90ABE2241B2F9B007F7249 /* PBXTargetDependency */,
			);
			name = FLogUITests;
			productName = FLogUITests;
			productReference = FA90ABDC241B2F9B007F7249 /* FLogUITests.xctest */;
			productType = "com.apple.product-type.bundle.ui-testing";
		};
		FAF661A023F6554B0003B589 /* FLog */ = {
			isa = PBXNativeTarget;
			buildConfigurationList = FAF661B523F6554F0003B589 /* Build configuration list for PBXNativeTarget "FLog" */;
			buildPhases = (
				EABFAC56E6EB28C7E9474B7D /* [CP] Check Pods Manifest.lock */,
				FAF6619D23F6554B0003B589 /* Sources */,
				FAF6619E23F6554B0003B589 /* Frameworks */,
				FAF6619F23F6554B0003B589 /* Resources */,
				4BF2A02F92F9F50ACE2B9651 /* [CP] Embed Pods Frameworks */,
			);
			buildRules = (
			);
			dependencies = (
			);
			name = FLog;
			productName = FLog;
			productReference = FAF661A123F6554B0003B589 /* FLog.app */;
			productType = "com.apple.product-type.application";
		};
/* End PBXNativeTarget section */

/* Begin PBXProject section */
		FAF6619923F6554B0003B589 /* Project object */ = {
			isa = PBXProject;
			attributes = {
				LastSwiftUpdateCheck = 1130;
				LastUpgradeCheck = 1130;
				ORGANIZATIONNAME = "Yejun Park";
				TargetAttributes = {
					FA90ABCD241B2F92007F7249 = {
						CreatedOnToolsVersion = 11.3.1;
						TestTargetID = FAF661A023F6554B0003B589;
					};
					FA90ABDB241B2F9B007F7249 = {
						CreatedOnToolsVersion = 11.3.1;
						TestTargetID = FAF661A023F6554B0003B589;
					};
					FAF661A023F6554B0003B589 = {
						CreatedOnToolsVersion = 11.3.1;
					};
				};
			};
			buildConfigurationList = FAF6619C23F6554B0003B589 /* Build configuration list for PBXProject "FLog" */;
			compatibilityVersion = "Xcode 9.3";
			developmentRegion = en;
			hasScannedForEncodings = 0;
			knownRegions = (
				en,
				Base,
			);
			mainGroup = FAF6619823F6554B0003B589;
			productRefGroup = FAF661A223F6554B0003B589 /* Products */;
			projectDirPath = "";
			projectRoot = "";
			targets = (
				FAF661A023F6554B0003B589 /* FLog */,
				FA90ABCD241B2F92007F7249 /* FLogTests */,
				FA90ABDB241B2F9B007F7249 /* FLogUITests */,
			);
		};
/* End PBXProject section */

/* Begin PBXResourcesBuildPhase section */
		FA90ABCC241B2F92007F7249 /* Resources */ = {
			isa = PBXResourcesBuildPhase;
			buildActionMask = 2147483647;
			files = (
			);
			runOnlyForDeploymentPostprocessing = 0;
		};
		FA90ABDA241B2F9B007F7249 /* Resources */ = {
			isa = PBXResourcesBuildPhase;
			buildActionMask = 2147483647;
			files = (
			);
			runOnlyForDeploymentPostprocessing = 0;
		};
		FAF6619F23F6554B0003B589 /* Resources */ = {
			isa = PBXResourcesBuildPhase;
			buildActionMask = 2147483647;
			files = (
				FA09FA302419DFB0006BE8A2 /* TabBarController.storyboard in Resources */,
				FA09FA43241A0256006BE8A2 /* TimelineView.storyboard in Resources */,
				FAF661B123F6554F0003B589 /* LaunchScreen.storyboard in Resources */,
				FAF661AE23F6554F0003B589 /* Assets.xcassets in Resources */,
				FAC5BC3123FA57320069B016 /* RoutineDetailView.storyboard in Resources */,
				FAF661BD23F686C20003B589 /* NewRoutineView.storyboard in Resources */,
				FAF661AC23F6554B0003B589 /* FLogView.storyboard in Resources */,
			);
			runOnlyForDeploymentPostprocessing = 0;
		};
/* End PBXResourcesBuildPhase section */

/* Begin PBXShellScriptBuildPhase section */
		001F702135AEA6AF88566278 /* [CP] Embed Pods Frameworks */ = {
			isa = PBXShellScriptBuildPhase;
			buildActionMask = 2147483647;
			files = (
			);
			inputFileListPaths = (
				"${PODS_ROOT}/Target Support Files/Pods-FLogUITests/Pods-FLogUITests-frameworks-${CONFIGURATION}-input-files.xcfilelist",
			);
			name = "[CP] Embed Pods Frameworks";
			outputFileListPaths = (
				"${PODS_ROOT}/Target Support Files/Pods-FLogUITests/Pods-FLogUITests-frameworks-${CONFIGURATION}-output-files.xcfilelist",
			);
			runOnlyForDeploymentPostprocessing = 0;
			shellPath = /bin/sh;
			shellScript = "\"${PODS_ROOT}/Target Support Files/Pods-FLogUITests/Pods-FLogUITests-frameworks.sh\"\n";
			showEnvVarsInLog = 0;
		};
		4BF2A02F92F9F50ACE2B9651 /* [CP] Embed Pods Frameworks */ = {
			isa = PBXShellScriptBuildPhase;
			buildActionMask = 2147483647;
			files = (
			);
			inputFileListPaths = (
				"${PODS_ROOT}/Target Support Files/Pods-FLog/Pods-FLog-frameworks-${CONFIGURATION}-input-files.xcfilelist",
			);
			name = "[CP] Embed Pods Frameworks";
			outputFileListPaths = (
				"${PODS_ROOT}/Target Support Files/Pods-FLog/Pods-FLog-frameworks-${CONFIGURATION}-output-files.xcfilelist",
			);
			runOnlyForDeploymentPostprocessing = 0;
			shellPath = /bin/sh;
			shellScript = "\"${PODS_ROOT}/Target Support Files/Pods-FLog/Pods-FLog-frameworks.sh\"\n";
			showEnvVarsInLog = 0;
		};
		669A5829B8E7DE38D4587D1B /* [CP] Check Pods Manifest.lock */ = {
			isa = PBXShellScriptBuildPhase;
			buildActionMask = 2147483647;
			files = (
			);
			inputFileListPaths = (
			);
			inputPaths = (
				"${PODS_PODFILE_DIR_PATH}/Podfile.lock",
				"${PODS_ROOT}/Manifest.lock",
			);
			name = "[CP] Check Pods Manifest.lock";
			outputFileListPaths = (
			);
			outputPaths = (
				"$(DERIVED_FILE_DIR)/Pods-FLogTests-checkManifestLockResult.txt",
			);
			runOnlyForDeploymentPostprocessing = 0;
			shellPath = /bin/sh;
			shellScript = "diff \"${PODS_PODFILE_DIR_PATH}/Podfile.lock\" \"${PODS_ROOT}/Manifest.lock\" > /dev/null\nif [ $? != 0 ] ; then\n    # print error to STDERR\n    echo \"error: The sandbox is not in sync with the Podfile.lock. Run 'pod install' or update your CocoaPods installation.\" >&2\n    exit 1\nfi\n# This output is used by Xcode 'outputs' to avoid re-running this script phase.\necho \"SUCCESS\" > \"${SCRIPT_OUTPUT_FILE_0}\"\n";
			showEnvVarsInLog = 0;
		};
		6FFE7D6315CF4B330C8F4174 /* [CP] Check Pods Manifest.lock */ = {
			isa = PBXShellScriptBuildPhase;
			buildActionMask = 2147483647;
			files = (
			);
			inputFileListPaths = (
			);
			inputPaths = (
				"${PODS_PODFILE_DIR_PATH}/Podfile.lock",
				"${PODS_ROOT}/Manifest.lock",
			);
			name = "[CP] Check Pods Manifest.lock";
			outputFileListPaths = (
			);
			outputPaths = (
				"$(DERIVED_FILE_DIR)/Pods-FLogUITests-checkManifestLockResult.txt",
			);
			runOnlyForDeploymentPostprocessing = 0;
			shellPath = /bin/sh;
			shellScript = "diff \"${PODS_PODFILE_DIR_PATH}/Podfile.lock\" \"${PODS_ROOT}/Manifest.lock\" > /dev/null\nif [ $? != 0 ] ; then\n    # print error to STDERR\n    echo \"error: The sandbox is not in sync with the Podfile.lock. Run 'pod install' or update your CocoaPods installation.\" >&2\n    exit 1\nfi\n# This output is used by Xcode 'outputs' to avoid re-running this script phase.\necho \"SUCCESS\" > \"${SCRIPT_OUTPUT_FILE_0}\"\n";
			showEnvVarsInLog = 0;
		};
		C2142D3C5258F1575E1FF336 /* [CP] Embed Pods Frameworks */ = {
			isa = PBXShellScriptBuildPhase;
			buildActionMask = 2147483647;
			files = (
			);
			inputFileListPaths = (
				"${PODS_ROOT}/Target Support Files/Pods-FLogTests/Pods-FLogTests-frameworks-${CONFIGURATION}-input-files.xcfilelist",
			);
			name = "[CP] Embed Pods Frameworks";
			outputFileListPaths = (
				"${PODS_ROOT}/Target Support Files/Pods-FLogTests/Pods-FLogTests-frameworks-${CONFIGURATION}-output-files.xcfilelist",
			);
			runOnlyForDeploymentPostprocessing = 0;
			shellPath = /bin/sh;
			shellScript = "\"${PODS_ROOT}/Target Support Files/Pods-FLogTests/Pods-FLogTests-frameworks.sh\"\n";
			showEnvVarsInLog = 0;
		};
		EABFAC56E6EB28C7E9474B7D /* [CP] Check Pods Manifest.lock */ = {
			isa = PBXShellScriptBuildPhase;
			buildActionMask = 2147483647;
			files = (
			);
			inputFileListPaths = (
			);
			inputPaths = (
				"${PODS_PODFILE_DIR_PATH}/Podfile.lock",
				"${PODS_ROOT}/Manifest.lock",
			);
			name = "[CP] Check Pods Manifest.lock";
			outputFileListPaths = (
			);
			outputPaths = (
				"$(DERIVED_FILE_DIR)/Pods-FLog-checkManifestLockResult.txt",
			);
			runOnlyForDeploymentPostprocessing = 0;
			shellPath = /bin/sh;
			shellScript = "diff \"${PODS_PODFILE_DIR_PATH}/Podfile.lock\" \"${PODS_ROOT}/Manifest.lock\" > /dev/null\nif [ $? != 0 ] ; then\n    # print error to STDERR\n    echo \"error: The sandbox is not in sync with the Podfile.lock. Run 'pod install' or update your CocoaPods installation.\" >&2\n    exit 1\nfi\n# This output is used by Xcode 'outputs' to avoid re-running this script phase.\necho \"SUCCESS\" > \"${SCRIPT_OUTPUT_FILE_0}\"\n";
			showEnvVarsInLog = 0;
		};
/* End PBXShellScriptBuildPhase section */

/* Begin PBXSourcesBuildPhase section */
		FA90ABCA241B2F92007F7249 /* Sources */ = {
			isa = PBXSourcesBuildPhase;
			buildActionMask = 2147483647;
			files = (
				FA90ABEA241B77A5007F7249 /* RoutineDetailInteractorTests.swift in Sources */,
				FA90ABEB241B77A5007F7249 /* TimelineInteractorTests.swift in Sources */,
				FA90ABE9241B77A5007F7249 /* NewRoutineInteractorTests.swift in Sources */,
				FA90ABD1241B2F92007F7249 /* FLogInteractorTests.swift in Sources */,
			);
			runOnlyForDeploymentPostprocessing = 0;
		};
		FA90ABD8241B2F9B007F7249 /* Sources */ = {
			isa = PBXSourcesBuildPhase;
			buildActionMask = 2147483647;
			files = (
				FA90ABDF241B2F9B007F7249 /* FLogUITests.swift in Sources */,
			);
			runOnlyForDeploymentPostprocessing = 0;
		};
		FAF6619D23F6554B0003B589 /* Sources */ = {
			isa = PBXSourcesBuildPhase;
			buildActionMask = 2147483647;
			files = (
				FA356E402422422800771D5A /* FLogEntity.swift in Sources */,
				FAA12C1D2417C47E00736315 /* NewRoutineProtocol.swift in Sources */,
				FA5E2E5A2422DA7600790E9A /* RoutineDetailEntity.swift in Sources */,
				FAA12C0F2417A56400736315 /* MainRoutineModel.swift in Sources */,
				FA09FA45241A3729006BE8A2 /* TimelineModel.swift in Sources */,
				FAA12C332417D19400736315 /* RoutineDetailRouter.swift in Sources */,
				FAA12C312417D18400736315 /* RoutineDetailInteractor.swift in Sources */,
				FAA12C0924179BF700736315 /* FLogRouter.swift in Sources */,
				FAA12C2F2417D17B00736315 /* RoutineDetailPresenter.swift in Sources */,
				FA09FA3E2419EEBA006BE8A2 /* TimelineViewCell.swift in Sources */,
				FA60DB71241A69C400298427 /* Timeline+CoreDataProperties.swift in Sources */,
				FAA12C0724179BE100736315 /* FLogPresenter.swift in Sources */,
				FAA12C242417C51600736315 /* NewRoutineInteractor.swift in Sources */,
				FA33E88C2404DCBA000C99DC /* Common.swift in Sources */,
				FA356E3B242221B700771D5A /* ViperProtocol.swift in Sources */,
				FAA12C132417A67300736315 /* RoutineBestModel.swift in Sources */,
				FA09FA402419EEBA006BE8A2 /* TimelineView+UITableViewDelegate.swift in Sources */,
				FAA12C212417C49200736315 /* NewRoutineRouter.swift in Sources */,
				FAF661BB23F6869A0003B589 /* NewRoutineView.swift in Sources */,
				FAF661A923F6554B0003B589 /* FLogView.swift in Sources */,
				FAA12C0524179BD500736315 /* FLogProtocol.swift in Sources */,
				FA09FA342419EE98006BE8A2 /* TimelinePresenter.swift in Sources */,
				FAF661A523F6554B0003B589 /* AppDelegate.swift in Sources */,
				FABD96442418A122007C868D /* SetModel.swift in Sources */,
				FA09FA242419C156006BE8A2 /* FLog.xcdatamodeld in Sources */,
				FA09FA2E2419DF8A006BE8A2 /* TabBarWireframe.swift in Sources */,
				FAA12C152417C0E400736315 /* FLogView+UITableViewDelegate.swift in Sources */,
				FAF661B923F674540003B589 /* FLogViewCell.swift in Sources */,
				FA356E432422542B00771D5A /* TimelineEntity.swift in Sources */,
				FAA12C2D2417D16C00736315 /* RoutineDetailProtocol.swift in Sources */,
				FA09FA322419EE8A006BE8A2 /* TimelineProtocol.swift in Sources */,
				FAC5BC3323FA57410069B016 /* RoutineDetailView.swift in Sources */,
				FABD96482418A2BA007C868D /* DailyLogModel.swift in Sources */,
				FAA12C1F2417C48600736315 /* NewRoutinePresenter.swift in Sources */,
				FA60DB70241A69C400298427 /* Timeline+CoreDataClass.swift in Sources */,
				FA09FA422419EEC3006BE8A2 /* TimelineRouter.swift in Sources */,
				FAF661BF23F8D3DD0003B589 /* KUIViewController.swift in Sources */,
				FA4A6AA923FA9079000E54C4 /* RoutineDetailTableViewCell.swift in Sources */,
				FAA12C0C2417A46E00736315 /* FLogInteractor.swift in Sources */,
				FABD96462418A167007C868D /* ExerciseLogModel.swift in Sources */,
				FA09FA3F2419EEBA006BE8A2 /* TimelineView.swift in Sources */,
				FABD9641241899C2007C868D /* RoutineDetailView+UITableViewDelegate.swift in Sources */,
				FA09FA362419EEAA006BE8A2 /* TimelineInteractor.swift in Sources */,
			);
			runOnlyForDeploymentPostprocessing = 0;
		};
/* End PBXSourcesBuildPhase section */

/* Begin PBXTargetDependency section */
		FA90ABD4241B2F92007F7249 /* PBXTargetDependency */ = {
			isa = PBXTargetDependency;
			target = FAF661A023F6554B0003B589 /* FLog */;
			targetProxy = FA90ABD3241B2F92007F7249 /* PBXContainerItemProxy */;
		};
		FA90ABE2241B2F9B007F7249 /* PBXTargetDependency */ = {
			isa = PBXTargetDependency;
			target = FAF661A023F6554B0003B589 /* FLog */;
			targetProxy = FA90ABE1241B2F9B007F7249 /* PBXContainerItemProxy */;
		};
/* End PBXTargetDependency section */

/* Begin PBXVariantGroup section */
		FAF661AA23F6554B0003B589 /* FLogView.storyboard */ = {
			isa = PBXVariantGroup;
			children = (
				FAF661AB23F6554B0003B589 /* Base */,
			);
			name = FLogView.storyboard;
			sourceTree = "<group>";
		};
		FAF661AF23F6554F0003B589 /* LaunchScreen.storyboard */ = {
			isa = PBXVariantGroup;
			children = (
				FAF661B023F6554F0003B589 /* Base */,
			);
			name = LaunchScreen.storyboard;
			sourceTree = "<group>";
		};
/* End PBXVariantGroup section */

/* Begin XCBuildConfiguration section */
		FA90ABD5241B2F92007F7249 /* Debug */ = {
			isa = XCBuildConfiguration;
			baseConfigurationReference = 44027257AE013D4AC3187EA5 /* Pods-FLogTests.debug.xcconfig */;
			buildSettings = {
				BUNDLE_LOADER = "$(TEST_HOST)";
				CODE_SIGN_STYLE = Automatic;
				DEVELOPMENT_TEAM = B78Z6M42G4;
				INFOPLIST_FILE = FLogTests/Info.plist;
				IPHONEOS_DEPLOYMENT_TARGET = 13.0;
				LD_RUNPATH_SEARCH_PATHS = (
					"$(inherited)",
					"@executable_path/Frameworks",
					"@loader_path/Frameworks",
				);
				PRODUCT_BUNDLE_IDENTIFIER = kr.dogfeetguyz.FLogTests;
				PRODUCT_NAME = "$(TARGET_NAME)";
				SWIFT_VERSION = 5.0;
				TARGETED_DEVICE_FAMILY = "1,2";
				TEST_HOST = "$(BUILT_PRODUCTS_DIR)/FLog.app/FLog";
				TVOS_DEPLOYMENT_TARGET = 13.0;
			};
			name = Debug;
		};
		FA90ABD6241B2F92007F7249 /* Release */ = {
			isa = XCBuildConfiguration;
			baseConfigurationReference = B97F1FFC4FC8A4D900549CB7 /* Pods-FLogTests.release.xcconfig */;
			buildSettings = {
				BUNDLE_LOADER = "$(TEST_HOST)";
				CODE_SIGN_STYLE = Automatic;
				DEVELOPMENT_TEAM = B78Z6M42G4;
				INFOPLIST_FILE = FLogTests/Info.plist;
				IPHONEOS_DEPLOYMENT_TARGET = 13.0;
				LD_RUNPATH_SEARCH_PATHS = (
					"$(inherited)",
					"@executable_path/Frameworks",
					"@loader_path/Frameworks",
				);
				PRODUCT_BUNDLE_IDENTIFIER = kr.dogfeetguyz.FLogTests;
				PRODUCT_NAME = "$(TARGET_NAME)";
				SWIFT_VERSION = 5.0;
				TARGETED_DEVICE_FAMILY = "1,2";
				TEST_HOST = "$(BUILT_PRODUCTS_DIR)/FLog.app/FLog";
				TVOS_DEPLOYMENT_TARGET = 13.0;
			};
			name = Release;
		};
		FA90ABE4241B2F9B007F7249 /* Debug */ = {
			isa = XCBuildConfiguration;
			baseConfigurationReference = 9FF52F23235DCD15C1EF7DEA /* Pods-FLogUITests.debug.xcconfig */;
			buildSettings = {
				CODE_SIGN_STYLE = Automatic;
				DEVELOPMENT_TEAM = B78Z6M42G4;
				INFOPLIST_FILE = FLogUITests/Info.plist;
				IPHONEOS_DEPLOYMENT_TARGET = 13.2;
				LD_RUNPATH_SEARCH_PATHS = (
					"$(inherited)",
					"@executable_path/Frameworks",
					"@loader_path/Frameworks",
				);
				PRODUCT_BUNDLE_IDENTIFIER = kr.dogfeetguyz.FLogUITests;
				PRODUCT_NAME = "$(TARGET_NAME)";
				SWIFT_VERSION = 5.0;
				TARGETED_DEVICE_FAMILY = "1,2";
				TEST_TARGET_NAME = FLog;
			};
			name = Debug;
		};
		FA90ABE5241B2F9B007F7249 /* Release */ = {
			isa = XCBuildConfiguration;
			baseConfigurationReference = AD9D44B9D02F66CE71CE6BA9 /* Pods-FLogUITests.release.xcconfig */;
			buildSettings = {
				CODE_SIGN_STYLE = Automatic;
				DEVELOPMENT_TEAM = B78Z6M42G4;
				INFOPLIST_FILE = FLogUITests/Info.plist;
				IPHONEOS_DEPLOYMENT_TARGET = 13.2;
				LD_RUNPATH_SEARCH_PATHS = (
					"$(inherited)",
					"@executable_path/Frameworks",
					"@loader_path/Frameworks",
				);
				PRODUCT_BUNDLE_IDENTIFIER = kr.dogfeetguyz.FLogUITests;
				PRODUCT_NAME = "$(TARGET_NAME)";
				SWIFT_VERSION = 5.0;
				TARGETED_DEVICE_FAMILY = "1,2";
				TEST_TARGET_NAME = FLog;
			};
			name = Release;
		};
		FAF661B323F6554F0003B589 /* Debug */ = {
			isa = XCBuildConfiguration;
			buildSettings = {
				ALWAYS_SEARCH_USER_PATHS = NO;
				CLANG_ANALYZER_NONNULL = YES;
				CLANG_ANALYZER_NUMBER_OBJECT_CONVERSION = YES_AGGRESSIVE;
				CLANG_CXX_LANGUAGE_STANDARD = "gnu++14";
				CLANG_CXX_LIBRARY = "libc++";
				CLANG_ENABLE_MODULES = YES;
				CLANG_ENABLE_OBJC_ARC = YES;
				CLANG_ENABLE_OBJC_WEAK = YES;
				CLANG_WARN_BLOCK_CAPTURE_AUTORELEASING = YES;
				CLANG_WARN_BOOL_CONVERSION = YES;
				CLANG_WARN_COMMA = YES;
				CLANG_WARN_CONSTANT_CONVERSION = YES;
				CLANG_WARN_DEPRECATED_OBJC_IMPLEMENTATIONS = YES;
				CLANG_WARN_DIRECT_OBJC_ISA_USAGE = YES_ERROR;
				CLANG_WARN_DOCUMENTATION_COMMENTS = YES;
				CLANG_WARN_EMPTY_BODY = YES;
				CLANG_WARN_ENUM_CONVERSION = YES;
				CLANG_WARN_INFINITE_RECURSION = YES;
				CLANG_WARN_INT_CONVERSION = YES;
				CLANG_WARN_NON_LITERAL_NULL_CONVERSION = YES;
				CLANG_WARN_OBJC_IMPLICIT_RETAIN_SELF = YES;
				CLANG_WARN_OBJC_LITERAL_CONVERSION = YES;
				CLANG_WARN_OBJC_ROOT_CLASS = YES_ERROR;
				CLANG_WARN_RANGE_LOOP_ANALYSIS = YES;
				CLANG_WARN_STRICT_PROTOTYPES = YES;
				CLANG_WARN_SUSPICIOUS_MOVE = YES;
				CLANG_WARN_UNGUARDED_AVAILABILITY = YES_AGGRESSIVE;
				CLANG_WARN_UNREACHABLE_CODE = YES;
				CLANG_WARN__DUPLICATE_METHOD_MATCH = YES;
				COPY_PHASE_STRIP = NO;
				DEBUG_INFORMATION_FORMAT = dwarf;
				ENABLE_STRICT_OBJC_MSGSEND = YES;
				ENABLE_TESTABILITY = YES;
				GCC_C_LANGUAGE_STANDARD = gnu11;
				GCC_DYNAMIC_NO_PIC = NO;
				GCC_NO_COMMON_BLOCKS = YES;
				GCC_OPTIMIZATION_LEVEL = 0;
				GCC_PREPROCESSOR_DEFINITIONS = (
					"DEBUG=1",
					"$(inherited)",
				);
				GCC_WARN_64_TO_32_BIT_CONVERSION = YES;
				GCC_WARN_ABOUT_RETURN_TYPE = YES_ERROR;
				GCC_WARN_UNDECLARED_SELECTOR = YES;
				GCC_WARN_UNINITIALIZED_AUTOS = YES_AGGRESSIVE;
				GCC_WARN_UNUSED_FUNCTION = YES;
				GCC_WARN_UNUSED_VARIABLE = YES;
				IPHONEOS_DEPLOYMENT_TARGET = 13;
				MTL_ENABLE_DEBUG_INFO = INCLUDE_SOURCE;
				MTL_FAST_MATH = YES;
				ONLY_ACTIVE_ARCH = YES;
				SDKROOT = iphoneos;
				SWIFT_ACTIVE_COMPILATION_CONDITIONS = DEBUG;
				SWIFT_OPTIMIZATION_LEVEL = "-Onone";
			};
			name = Debug;
		};
		FAF661B423F6554F0003B589 /* Release */ = {
			isa = XCBuildConfiguration;
			buildSettings = {
				ALWAYS_SEARCH_USER_PATHS = NO;
				CLANG_ANALYZER_NONNULL = YES;
				CLANG_ANALYZER_NUMBER_OBJECT_CONVERSION = YES_AGGRESSIVE;
				CLANG_CXX_LANGUAGE_STANDARD = "gnu++14";
				CLANG_CXX_LIBRARY = "libc++";
				CLANG_ENABLE_MODULES = YES;
				CLANG_ENABLE_OBJC_ARC = YES;
				CLANG_ENABLE_OBJC_WEAK = YES;
				CLANG_WARN_BLOCK_CAPTURE_AUTORELEASING = YES;
				CLANG_WARN_BOOL_CONVERSION = YES;
				CLANG_WARN_COMMA = YES;
				CLANG_WARN_CONSTANT_CONVERSION = YES;
				CLANG_WARN_DEPRECATED_OBJC_IMPLEMENTATIONS = YES;
				CLANG_WARN_DIRECT_OBJC_ISA_USAGE = YES_ERROR;
				CLANG_WARN_DOCUMENTATION_COMMENTS = YES;
				CLANG_WARN_EMPTY_BODY = YES;
				CLANG_WARN_ENUM_CONVERSION = YES;
				CLANG_WARN_INFINITE_RECURSION = YES;
				CLANG_WARN_INT_CONVERSION = YES;
				CLANG_WARN_NON_LITERAL_NULL_CONVERSION = YES;
				CLANG_WARN_OBJC_IMPLICIT_RETAIN_SELF = YES;
				CLANG_WARN_OBJC_LITERAL_CONVERSION = YES;
				CLANG_WARN_OBJC_ROOT_CLASS = YES_ERROR;
				CLANG_WARN_RANGE_LOOP_ANALYSIS = YES;
				CLANG_WARN_STRICT_PROTOTYPES = YES;
				CLANG_WARN_SUSPICIOUS_MOVE = YES;
				CLANG_WARN_UNGUARDED_AVAILABILITY = YES_AGGRESSIVE;
				CLANG_WARN_UNREACHABLE_CODE = YES;
				CLANG_WARN__DUPLICATE_METHOD_MATCH = YES;
				COPY_PHASE_STRIP = NO;
				DEBUG_INFORMATION_FORMAT = "dwarf-with-dsym";
				ENABLE_NS_ASSERTIONS = NO;
				ENABLE_STRICT_OBJC_MSGSEND = YES;
				GCC_C_LANGUAGE_STANDARD = gnu11;
				GCC_NO_COMMON_BLOCKS = YES;
				GCC_WARN_64_TO_32_BIT_CONVERSION = YES;
				GCC_WARN_ABOUT_RETURN_TYPE = YES_ERROR;
				GCC_WARN_UNDECLARED_SELECTOR = YES;
				GCC_WARN_UNINITIALIZED_AUTOS = YES_AGGRESSIVE;
				GCC_WARN_UNUSED_FUNCTION = YES;
				GCC_WARN_UNUSED_VARIABLE = YES;
				IPHONEOS_DEPLOYMENT_TARGET = 13;
				MTL_ENABLE_DEBUG_INFO = NO;
				MTL_FAST_MATH = YES;
				SDKROOT = iphoneos;
				SWIFT_COMPILATION_MODE = wholemodule;
				SWIFT_OPTIMIZATION_LEVEL = "-O";
				VALIDATE_PRODUCT = YES;
			};
			name = Release;
		};
		FAF661B623F6554F0003B589 /* Debug */ = {
			isa = XCBuildConfiguration;
			baseConfigurationReference = 32A6CF0A84C575F8709E76F6 /* Pods-FLog.debug.xcconfig */;
			buildSettings = {
				ASSETCATALOG_COMPILER_APPICON_NAME = AppIcon;
				CODE_SIGN_STYLE = Automatic;
				CURRENT_PROJECT_VERSION = 1;
				DEVELOPMENT_TEAM = B78Z6M42G4;
				INFOPLIST_FILE = FLog/Info.plist;
				IPHONEOS_DEPLOYMENT_TARGET = 13.0;
				LD_RUNPATH_SEARCH_PATHS = (
					"$(inherited)",
					"@executable_path/Frameworks",
				);
				MARKETING_VERSION = 1.4;
				PRODUCT_BUNDLE_IDENTIFIER = kr.dogfeetguyz.FLog;
				PRODUCT_NAME = FLog;
				SWIFT_VERSION = 5.0;
				TARGETED_DEVICE_FAMILY = 1;
			};
			name = Debug;
		};
		FAF661B723F6554F0003B589 /* Release */ = {
			isa = XCBuildConfiguration;
			baseConfigurationReference = 494C7D577AEC416D6DDAC898 /* Pods-FLog.release.xcconfig */;
			buildSettings = {
				ASSETCATALOG_COMPILER_APPICON_NAME = AppIcon;
				CODE_SIGN_STYLE = Automatic;
				CURRENT_PROJECT_VERSION = 1;
				DEVELOPMENT_TEAM = B78Z6M42G4;
				INFOPLIST_FILE = FLog/Info.plist;
				IPHONEOS_DEPLOYMENT_TARGET = 13.0;
				LD_RUNPATH_SEARCH_PATHS = (
					"$(inherited)",
					"@executable_path/Frameworks",
				);
				MARKETING_VERSION = 1.4;
				PRODUCT_BUNDLE_IDENTIFIER = kr.dogfeetguyz.FLog;
				PRODUCT_NAME = FLog;
				SWIFT_VERSION = 5.0;
				TARGETED_DEVICE_FAMILY = 1;
			};
			name = Release;
		};
/* End XCBuildConfiguration section */

/* Begin XCConfigurationList section */
		FA90ABD7241B2F92007F7249 /* Build configuration list for PBXNativeTarget "FLogTests" */ = {
			isa = XCConfigurationList;
			buildConfigurations = (
				FA90ABD5241B2F92007F7249 /* Debug */,
				FA90ABD6241B2F92007F7249 /* Release */,
			);
			defaultConfigurationIsVisible = 0;
			defaultConfigurationName = Release;
		};
		FA90ABE3241B2F9B007F7249 /* Build configuration list for PBXNativeTarget "FLogUITests" */ = {
			isa = XCConfigurationList;
			buildConfigurations = (
				FA90ABE4241B2F9B007F7249 /* Debug */,
				FA90ABE5241B2F9B007F7249 /* Release */,
			);
			defaultConfigurationIsVisible = 0;
			defaultConfigurationName = Release;
		};
		FAF6619C23F6554B0003B589 /* Build configuration list for PBXProject "FLog" */ = {
			isa = XCConfigurationList;
			buildConfigurations = (
				FAF661B323F6554F0003B589 /* Debug */,
				FAF661B423F6554F0003B589 /* Release */,
			);
			defaultConfigurationIsVisible = 0;
			defaultConfigurationName = Release;
		};
		FAF661B523F6554F0003B589 /* Build configuration list for PBXNativeTarget "FLog" */ = {
			isa = XCConfigurationList;
			buildConfigurations = (
				FAF661B623F6554F0003B589 /* Debug */,
				FAF661B723F6554F0003B589 /* Release */,
			);
			defaultConfigurationIsVisible = 0;
			defaultConfigurationName = Release;
		};
/* End XCConfigurationList section */

/* Begin XCVersionGroup section */
		FA09FA222419C156006BE8A2 /* FLog.xcdatamodeld */ = {
			isa = XCVersionGroup;
			children = (
				FA09FA232419C156006BE8A2 /* Timeline.xcdatamodel */,
			);
			currentVersion = FA09FA232419C156006BE8A2 /* Timeline.xcdatamodel */;
			path = FLog.xcdatamodeld;
			sourceTree = "<group>";
			versionGroupType = wrapper.xcdatamodel;
		};
/* End XCVersionGroup section */
	};
	rootObject = FAF6619923F6554B0003B589 /* Project object */;
}
